
Microsoft Visual Studio Solution File, Format Version 12.00
# Visual Studio Version 17
VisualStudioVersion = 17.13.35806.99
MinimumVisualStudioVersion = 10.0.40219.1
Project("{FAE04EC0-301F-11D3-BF4B-00C04F79EFBC}") = "NutriManager.Domain", "NutriManager.Domain\NutriManager.Domain.csproj", "{BC53925F-BB38-4AC0-A6AF-5CE75A8A21E6}"
EndProject
Project("{FAE04EC0-301F-11D3-BF4B-00C04F79EFBC}") = "NutriManager.Repository", "NutriManager.Repository\NutriManager.Repository.csproj", "{5743EFC0-C5CC-4CD8-AA4B-C85F1FF7754E}"
EndProject
Project("{FAE04EC0-301F-11D3-BF4B-00C04F79EFBC}") = "NutriManager.Test", "NutriManager.Test\NutriManager.Test.csproj", "{3D97475A-FBC2-46F8-8BA5-D8DACBEA8DF5}"
EndProject
Project("{FAE04EC0-301F-11D3-BF4B-00C04F79EFBC}") = "NutriManager.Service", "NutriManager.Service\NutriManager.Service.csproj", "{8587271D-899F-4770-86F6-5474C4D581C7}"
EndProject
Project("{FAE04EC0-301F-11D3-BF4B-00C04F79EFBC}") = "NutriManager.App", "NutriManager.App\NutriManager.App.csproj", "{74BF6902-EC61-4691-9BCD-4819404CD529}"
EndProject
Global
	GlobalSection(SolutionConfigurationPlatforms) = preSolution
		Debug|Any CPU = Debug|Any CPU
		Release|Any CPU = Release|Any CPU
	EndGlobalSection
	GlobalSection(ProjectConfigurationPlatforms) = postSolution
		{BC53925F-BB38-4AC0-A6AF-5CE75A8A21E6}.Debug|Any CPU.ActiveCfg = Debug|Any CPU
		{BC53925F-BB38-4AC0-A6AF-5CE75A8A21E6}.Debug|Any CPU.Build.0 = Debug|Any CPU
		{BC53925F-BB38-4AC0-A6AF-5CE75A8A21E6}.Release|Any CPU.ActiveCfg = Release|Any CPU
		{BC53925F-BB38-4AC0-A6AF-5CE75A8A21E6}.Release|Any CPU.Build.0 = Release|Any CPU
		{5743EFC0-C5CC-4CD8-AA4B-C85F1FF7754E}.Debug|Any CPU.ActiveCfg = Debug|Any CPU
		{5743EFC0-C5CC-4CD8-AA4B-C85F1FF7754E}.Debug|Any CPU.Build.0 = Debug|Any CPU
		{5743EFC0-C5CC-4CD8-AA4B-C85F1FF7754E}.Release|Any CPU.ActiveCfg = Release|Any CPU
		{5743EFC0-C5CC-4CD8-AA4B-C85F1FF7754E}.Release|Any CPU.Build.0 = Release|Any CPU
		{3D97475A-FBC2-46F8-8BA5-D8DACBEA8DF5}.Debug|Any CPU.ActiveCfg = Debug|Any CPU
		{3D97475A-FBC2-46F8-8BA5-D8DACBEA8DF5}.Debug|Any CPU.Build.0 = Debug|Any CPU
		{3D97475A-FBC2-46F8-8BA5-D8DACBEA8DF5}.Release|Any CPU.ActiveCfg = Release|Any CPU
		{3D97475A-FBC2-46F8-8BA5-D8DACBEA8DF5}.Release|Any CPU.Build.0 = Release|Any CPU
		{8587271D-899F-4770-86F6-5474C4D581C7}.Debug|Any CPU.ActiveCfg = Debug|Any CPU
		{8587271D-899F-4770-86F6-5474C4D581C7}.Debug|Any CPU.Build.0 = Debug|Any CPU
		{8587271D-899F-4770-86F6-5474C4D581C7}.Release|Any CPU.ActiveCfg = Release|Any CPU
		{8587271D-899F-4770-86F6-5474C4D581C7}.Release|Any CPU.Build.0 = Release|Any CPU
		{74BF6902-EC61-4691-9BCD-4819404CD529}.Debug|Any CPU.ActiveCfg = Debug|Any CPU
		{74BF6902-EC61-4691-9BCD-4819404CD529}.Debug|Any CPU.Build.0 = Debug|Any CPU
		{74BF6902-EC61-4691-9BCD-4819404CD529}.Release|Any CPU.ActiveCfg = Release|Any CPU
		{74BF6902-EC61-4691-9BCD-4819404CD529}.Release|Any CPU.Build.0 = Release|Any CPU
	EndGlobalSection
	GlobalSection(SolutionProperties) = preSolution
		HideSolutionNode = FALSE
	EndGlobalSection
	GlobalSection(ExtensibilityGlobals) = postSolution
		SolutionGuid = {A30B7A5A-9210-42B6-8B6B-4B2630A8E793}
	EndGlobalSection
EndGlobal
